
Microsoft Visual Studio Solution File, Format Version 12.00
# Visual Studio Version 16
VisualStudioVersion = 16.0.32929.386
MinimumVisualStudioVersion = 10.0.40219.1
Project("{FAE04EC0-301F-11D3-BF4B-00C04F79EFBC}") = "Gp_Form_Project", "Gp_Form_Project.csproj", "{2CCB4212-19B1-4FF3-B9E7-FC24EE975C24}"
EndProject
Global
	GlobalSection(SolutionConfigurationPlatforms) = preSolution
		Debug|Any CPU = Debug|Any CPU
		Release|Any CPU = Release|Any CPU
	EndGlobalSection
	GlobalSection(ProjectConfigurationPlatforms) = postSolution
		{2CCB4212-19B1-4FF3-B9E7-FC24EE975C24}.Debug|Any CPU.ActiveCfg = Debug|Any CPU
		{2CCB4212-19B1-4FF3-B9E7-FC24EE975C24}.Debug|Any CPU.Build.0 = Debug|Any CPU
		{2CCB4212-19B1-4FF3-B9E7-FC24EE975C24}.Release|Any CPU.ActiveCfg = Release|Any CPU
		{2CCB4212-19B1-4FF3-B9E7-FC24EE975C24}.Release|Any CPU.Build.0 = Release|Any CPU
	EndGlobalSection
	GlobalSection(SolutionProperties) = preSolution
		HideSolutionNode = FALSE
	EndGlobalSection
	GlobalSection(ExtensibilityGlobals) = postSolution
		SolutionGuid = {B7246580-CF92-422C-83DA-EE1AA12B0237}
	EndGlobalSection
EndGlobal
